
Microsoft Visual Studio Solution File, Format Version 12.00
# Visual Studio Version 17
VisualStudioVersion = 17.0.31903.59
MinimumVisualStudioVersion = 10.0.40219.1
Project("{FAE04EC0-301F-11D3-BF4B-00C04F79EFBC}") = "BubbleTeaShop.Client", "BubbleTeaShop.Client\BubbleTeaShop.Client.csproj", "{1B63AE46-5696-4B99-89D6-5BFBC7B4117F}"
EndProject
Project("{FAE04EC0-301F-11D3-BF4B-00C04F79EFBC}") = "BubbleTeaShop.Backend", "BubbleTeaShop.Backend\BubbleTeaShop.Backend.csproj", "{231D0B28-DDA5-48F4-8A96-71F9F1DCA9E7}"
EndProject
Global
	GlobalSection(SolutionConfigurationPlatforms) = preSolution
		Debug|Any CPU = Debug|Any CPU
		Release|Any CPU = Release|Any CPU
	EndGlobalSection
	GlobalSection(SolutionProperties) = preSolution
		HideSolutionNode = FALSE
	EndGlobalSection
	GlobalSection(ProjectConfigurationPlatforms) = postSolution
		{1B63AE46-5696-4B99-89D6-5BFBC7B4117F}.Debug|Any CPU.ActiveCfg = Debug|Any CPU
		{1B63AE46-5696-4B99-89D6-5BFBC7B4117F}.Debug|Any CPU.Build.0 = Debug|Any CPU
		{1B63AE46-5696-4B99-89D6-5BFBC7B4117F}.Release|Any CPU.ActiveCfg = Release|Any CPU
		{1B63AE46-5696-4B99-89D6-5BFBC7B4117F}.Release|Any CPU.Build.0 = Release|Any CPU
		{231D0B28-DDA5-48F4-8A96-71F9F1DCA9E7}.Debug|Any CPU.ActiveCfg = Debug|Any CPU
		{231D0B28-DDA5-48F4-8A96-71F9F1DCA9E7}.Debug|Any CPU.Build.0 = Debug|Any CPU
		{231D0B28-DDA5-48F4-8A96-71F9F1DCA9E7}.Release|Any CPU.ActiveCfg = Release|Any CPU
		{231D0B28-DDA5-48F4-8A96-71F9F1DCA9E7}.Release|Any CPU.Build.0 = Release|Any CPU
	EndGlobalSection
EndGlobal
